// !$*UTF8*$!
{
	archiveVersion = 1;
	classes = {
	};
	objectVersion = 48;
	objects = {

/* Begin PBXBuildFile section */
		476724E4210890DB00EFB762 /* WeatherAPIService.swift in Sources */ = {isa = PBXBuildFile; fileRef = 476724E3210890DB00EFB762 /* WeatherAPIService.swift */; };
		476724E72108911400EFB762 /* WeatherAPIJSONModel.swift in Sources */ = {isa = PBXBuildFile; fileRef = 476724E62108911400EFB762 /* WeatherAPIJSONModel.swift */; };
		476724E92108923700EFB762 /* WeatherDataWrapper.swift in Sources */ = {isa = PBXBuildFile; fileRef = 476724E82108923700EFB762 /* WeatherDataWrapper.swift */; };
		476724EB21089A8800EFB762 /* DailyWeather.swift in Sources */ = {isa = PBXBuildFile; fileRef = 476724EA21089A8800EFB762 /* DailyWeather.swift */; };
		476724EE21089AAD00EFB762 /* CurrentWeather.swift in Sources */ = {isa = PBXBuildFile; fileRef = 476724ED21089AAD00EFB762 /* CurrentWeather.swift */; };
		47C6FD252109F9EF0084B377 /* GothamRoundedBook_21018.ttf in Resources */ = {isa = PBXBuildFile; fileRef = 47C6FD232109F9EF0084B377 /* GothamRoundedBook_21018.ttf */; };
		47C6FD262109F9EF0084B377 /* GothamRoundedLight_21020.ttf in Resources */ = {isa = PBXBuildFile; fileRef = 47C6FD242109F9EF0084B377 /* GothamRoundedLight_21020.ttf */; };
		47D6830321088D690018B80B /* AppDelegate.swift in Sources */ = {isa = PBXBuildFile; fileRef = 47D6830221088D690018B80B /* AppDelegate.swift */; };
		47D6830521088D690018B80B /* HomeViewController.swift in Sources */ = {isa = PBXBuildFile; fileRef = 47D6830421088D690018B80B /* HomeViewController.swift */; };
		47D6830821088D690018B80B /* Main.storyboard in Resources */ = {isa = PBXBuildFile; fileRef = 47D6830621088D690018B80B /* Main.storyboard */; };
		47D6830A21088D690018B80B /* Assets.xcassets in Resources */ = {isa = PBXBuildFile; fileRef = 47D6830921088D690018B80B /* Assets.xcassets */; };
		47D6830D21088D690018B80B /* LaunchScreen.storyboard in Resources */ = {isa = PBXBuildFile; fileRef = 47D6830B21088D690018B80B /* LaunchScreen.storyboard */; };
		47D6831821088D690018B80B /* WeatherAppTests.swift in Sources */ = {isa = PBXBuildFile; fileRef = 47D6831721088D690018B80B /* WeatherAppTests.swift */; };
		47D6832321088D690018B80B /* WeatherAppUITests.swift in Sources */ = {isa = PBXBuildFile; fileRef = 47D6832221088D690018B80B /* WeatherAppUITests.swift */; };
		47E717AA21099857003C4CF8 /* HomeViewModel.swift in Sources */ = {isa = PBXBuildFile; fileRef = 47E717A921099857003C4CF8 /* HomeViewModel.swift */; };
		47E717AC210998BC003C4CF8 /* WeatherDataToPresent.swift in Sources */ = {isa = PBXBuildFile; fileRef = 47E717AB210998BC003C4CF8 /* WeatherDataToPresent.swift */; };
		47E717AE21099D5A003C4CF8 /* WeatherDataForViewModel.swift in Sources */ = {isa = PBXBuildFile; fileRef = 47E717AD21099D5A003C4CF8 /* WeatherDataForViewModel.swift */; };
		47E717B02109A9E4003C4CF8 /* DataAndErrorWrapper.swift in Sources */ = {isa = PBXBuildFile; fileRef = 47E717AF2109A9E4003C4CF8 /* DataAndErrorWrapper.swift */; };
		47E717B52109D4C1003C4CF8 /* ErrorController.swift in Sources */ = {isa = PBXBuildFile; fileRef = 47E717B42109D4C1003C4CF8 /* ErrorController.swift */; };
		47E717B72109D76F003C4CF8 /* Home.swift in Sources */ = {isa = PBXBuildFile; fileRef = 47E717B62109D76F003C4CF8 /* Home.swift */; };
		C058749C63D5569AFC4F6D9A /* Pods_WeatherApp.framework in Frameworks */ = {isa = PBXBuildFile; fileRef = 46304761A67D3AB6E7FA3304 /* Pods_WeatherApp.framework */; };
/* End PBXBuildFile section */

/* Begin PBXContainerItemProxy section */
		47D6831421088D690018B80B /* PBXContainerItemProxy */ = {
			isa = PBXContainerItemProxy;
			containerPortal = 47D682F721088D690018B80B /* Project object */;
			proxyType = 1;
			remoteGlobalIDString = 47D682FE21088D690018B80B;
			remoteInfo = WeatherApp;
		};
		47D6831F21088D690018B80B /* PBXContainerItemProxy */ = {
			isa = PBXContainerItemProxy;
			containerPortal = 47D682F721088D690018B80B /* Project object */;
			proxyType = 1;
			remoteGlobalIDString = 47D682FE21088D690018B80B;
			remoteInfo = WeatherApp;
		};
/* End PBXContainerItemProxy section */

/* Begin PBXFileReference section */
		46304761A67D3AB6E7FA3304 /* Pods_WeatherApp.framework */ = {isa = PBXFileReference; explicitFileType = wrapper.framework; includeInIndex = 0; path = Pods_WeatherApp.framework; sourceTree = BUILT_PRODUCTS_DIR; };
		476724E3210890DB00EFB762 /* WeatherAPIService.swift */ = {isa = PBXFileReference; lastKnownFileType = sourcecode.swift; path = WeatherAPIService.swift; sourceTree = "<group>"; };
		476724E62108911400EFB762 /* WeatherAPIJSONModel.swift */ = {isa = PBXFileReference; lastKnownFileType = sourcecode.swift; path = WeatherAPIJSONModel.swift; sourceTree = "<group>"; };
		476724E82108923700EFB762 /* WeatherDataWrapper.swift */ = {isa = PBXFileReference; lastKnownFileType = sourcecode.swift; path = WeatherDataWrapper.swift; sourceTree = "<group>"; };
		476724EA21089A8800EFB762 /* DailyWeather.swift */ = {isa = PBXFileReference; lastKnownFileType = sourcecode.swift; path = DailyWeather.swift; sourceTree = "<group>"; };
		476724ED21089AAD00EFB762 /* CurrentWeather.swift */ = {isa = PBXFileReference; lastKnownFileType = sourcecode.swift; path = CurrentWeather.swift; sourceTree = "<group>"; };
		47C6FD232109F9EF0084B377 /* GothamRoundedBook_21018.ttf */ = {isa = PBXFileReference; lastKnownFileType = file; name = GothamRoundedBook_21018.ttf; path = "../../../../Downloads/gotham-rounded/GothamRoundedBook_21018.ttf"; sourceTree = "<group>"; };
		47C6FD242109F9EF0084B377 /* GothamRoundedLight_21020.ttf */ = {isa = PBXFileReference; lastKnownFileType = file; name = GothamRoundedLight_21020.ttf; path = "../../../../Downloads/gotham-rounded/GothamRoundedLight_21020.ttf"; sourceTree = "<group>"; };
		47D682FF21088D690018B80B /* WeatherApp.app */ = {isa = PBXFileReference; explicitFileType = wrapper.application; includeInIndex = 0; path = WeatherApp.app; sourceTree = BUILT_PRODUCTS_DIR; };
		47D6830221088D690018B80B /* AppDelegate.swift */ = {isa = PBXFileReference; lastKnownFileType = sourcecode.swift; path = AppDelegate.swift; sourceTree = "<group>"; };
		47D6830421088D690018B80B /* HomeViewController.swift */ = {isa = PBXFileReference; lastKnownFileType = sourcecode.swift; path = HomeViewController.swift; sourceTree = "<group>"; };
		47D6830721088D690018B80B /* Base */ = {isa = PBXFileReference; lastKnownFileType = file.storyboard; name = Base; path = Base.lproj/Main.storyboard; sourceTree = "<group>"; };
		47D6830921088D690018B80B /* Assets.xcassets */ = {isa = PBXFileReference; lastKnownFileType = folder.assetcatalog; path = Assets.xcassets; sourceTree = "<group>"; };
		47D6830C21088D690018B80B /* Base */ = {isa = PBXFileReference; lastKnownFileType = file.storyboard; name = Base; path = Base.lproj/LaunchScreen.storyboard; sourceTree = "<group>"; };
		47D6830E21088D690018B80B /* Info.plist */ = {isa = PBXFileReference; lastKnownFileType = text.plist.xml; path = Info.plist; sourceTree = "<group>"; };
		47D6831321088D690018B80B /* WeatherAppTests.xctest */ = {isa = PBXFileReference; explicitFileType = wrapper.cfbundle; includeInIndex = 0; path = WeatherAppTests.xctest; sourceTree = BUILT_PRODUCTS_DIR; };
		47D6831721088D690018B80B /* WeatherAppTests.swift */ = {isa = PBXFileReference; lastKnownFileType = sourcecode.swift; path = WeatherAppTests.swift; sourceTree = "<group>"; };
		47D6831921088D690018B80B /* Info.plist */ = {isa = PBXFileReference; lastKnownFileType = text.plist.xml; path = Info.plist; sourceTree = "<group>"; };
		47D6831E21088D690018B80B /* WeatherAppUITests.xctest */ = {isa = PBXFileReference; explicitFileType = wrapper.cfbundle; includeInIndex = 0; path = WeatherAppUITests.xctest; sourceTree = BUILT_PRODUCTS_DIR; };
		47D6832221088D690018B80B /* WeatherAppUITests.swift */ = {isa = PBXFileReference; lastKnownFileType = sourcecode.swift; path = WeatherAppUITests.swift; sourceTree = "<group>"; };
		47D6832421088D690018B80B /* Info.plist */ = {isa = PBXFileReference; lastKnownFileType = text.plist.xml; path = Info.plist; sourceTree = "<group>"; };
		47E717A921099857003C4CF8 /* HomeViewModel.swift */ = {isa = PBXFileReference; lastKnownFileType = sourcecode.swift; path = HomeViewModel.swift; sourceTree = "<group>"; };
		47E717AB210998BC003C4CF8 /* WeatherDataToPresent.swift */ = {isa = PBXFileReference; lastKnownFileType = sourcecode.swift; path = WeatherDataToPresent.swift; sourceTree = "<group>"; };
		47E717AD21099D5A003C4CF8 /* WeatherDataForViewModel.swift */ = {isa = PBXFileReference; lastKnownFileType = sourcecode.swift; path = WeatherDataForViewModel.swift; sourceTree = "<group>"; };
		47E717AF2109A9E4003C4CF8 /* DataAndErrorWrapper.swift */ = {isa = PBXFileReference; lastKnownFileType = sourcecode.swift; path = DataAndErrorWrapper.swift; sourceTree = "<group>"; };
		47E717B42109D4C1003C4CF8 /* ErrorController.swift */ = {isa = PBXFileReference; lastKnownFileType = sourcecode.swift; path = ErrorController.swift; sourceTree = "<group>"; };
		47E717B62109D76F003C4CF8 /* Home.swift */ = {isa = PBXFileReference; lastKnownFileType = sourcecode.swift; path = Home.swift; sourceTree = "<group>"; };
		944F2537E10E68B180B8CA43 /* Pods-WeatherApp.debug.xcconfig */ = {isa = PBXFileReference; includeInIndex = 1; lastKnownFileType = text.xcconfig; name = "Pods-WeatherApp.debug.xcconfig"; path = "Pods/Target Support Files/Pods-WeatherApp/Pods-WeatherApp.debug.xcconfig"; sourceTree = "<group>"; };
		F0F9ED571EC4316033215841 /* Pods-WeatherApp.release.xcconfig */ = {isa = PBXFileReference; includeInIndex = 1; lastKnownFileType = text.xcconfig; name = "Pods-WeatherApp.release.xcconfig"; path = "Pods/Target Support Files/Pods-WeatherApp/Pods-WeatherApp.release.xcconfig"; sourceTree = "<group>"; };
/* End PBXFileReference section */

/* Begin PBXFrameworksBuildPhase section */
		47D682FC21088D690018B80B /* Frameworks */ = {
			isa = PBXFrameworksBuildPhase;
			buildActionMask = 2147483647;
			files = (
				C058749C63D5569AFC4F6D9A /* Pods_WeatherApp.framework in Frameworks */,
			);
			runOnlyForDeploymentPostprocessing = 0;
		};
		47D6831021088D690018B80B /* Frameworks */ = {
			isa = PBXFrameworksBuildPhase;
			buildActionMask = 2147483647;
			files = (
			);
			runOnlyForDeploymentPostprocessing = 0;
		};
		47D6831B21088D690018B80B /* Frameworks */ = {
			isa = PBXFrameworksBuildPhase;
			buildActionMask = 2147483647;
			files = (
			);
			runOnlyForDeploymentPostprocessing = 0;
		};
/* End PBXFrameworksBuildPhase section */

/* Begin PBXGroup section */
		476724DD2108906800EFB762 /* StoryBoard */ = {
			isa = PBXGroup;
			children = (
				47D6830621088D690018B80B /* Main.storyboard */,
				47D6830B21088D690018B80B /* LaunchScreen.storyboard */,
			);
			path = StoryBoard;
			sourceTree = "<group>";
		};
		476724DE2108908700EFB762 /* HomeScreen */ = {
			isa = PBXGroup;
			children = (
				47E717A82109984B003C4CF8 /* ViewModel */,
				476724DF210890AE00EFB762 /* View */,
			);
			path = HomeScreen;
			sourceTree = "<group>";
		};
		476724DF210890AE00EFB762 /* View */ = {
			isa = PBXGroup;
			children = (
				47D6830421088D690018B80B /* HomeViewController.swift */,
			);
			path = View;
			sourceTree = "<group>";
		};
		476724E2210890C600EFB762 /* Model */ = {
			isa = PBXGroup;
			children = (
				476724E3210890DB00EFB762 /* WeatherAPIService.swift */,
				47E717B62109D76F003C4CF8 /* Home.swift */,
				476724E62108911400EFB762 /* WeatherAPIJSONModel.swift */,
				476724E82108923700EFB762 /* WeatherDataWrapper.swift */,
				47E717AF2109A9E4003C4CF8 /* DataAndErrorWrapper.swift */,
				476724EA21089A8800EFB762 /* DailyWeather.swift */,
				476724ED21089AAD00EFB762 /* CurrentWeather.swift */,
				47E717AB210998BC003C4CF8 /* WeatherDataToPresent.swift */,
				47E717AD21099D5A003C4CF8 /* WeatherDataForViewModel.swift */,
			);
			path = Model;
			sourceTree = "<group>";
		};
		47C6FD222109F90B0084B377 /* CustomFont */ = {
			isa = PBXGroup;
			children = (
				47C6FD232109F9EF0084B377 /* GothamRoundedBook_21018.ttf */,
				47C6FD242109F9EF0084B377 /* GothamRoundedLight_21020.ttf */,
			);
			path = CustomFont;
			sourceTree = "<group>";
		};
		47D682F621088D690018B80B = {
			isa = PBXGroup;
			children = (
				47D6830121088D690018B80B /* WeatherApp */,
				47D6831621088D690018B80B /* WeatherAppTests */,
				47D6832121088D690018B80B /* WeatherAppUITests */,
				47D6830021088D690018B80B /* Products */,
				D5D078EC7C50A3D0B310FF4A /* Pods */,
				60925ECC9F37834BF18C5443 /* Frameworks */,
			);
			sourceTree = "<group>";
		};
		47D6830021088D690018B80B /* Products */ = {
			isa = PBXGroup;
			children = (
				47D682FF21088D690018B80B /* WeatherApp.app */,
				47D6831321088D690018B80B /* WeatherAppTests.xctest */,
				47D6831E21088D690018B80B /* WeatherAppUITests.xctest */,
			);
			name = Products;
			sourceTree = "<group>";
		};
		47D6830121088D690018B80B /* WeatherApp */ = {
			isa = PBXGroup;
			children = (
				47E717B32109D4B2003C4CF8 /* Error */,
				476724E2210890C600EFB762 /* Model */,
				476724DE2108908700EFB762 /* HomeScreen */,
				47D6830E21088D690018B80B /* Info.plist */,
				47D6830921088D690018B80B /* Assets.xcassets */,
				47D6830221088D690018B80B /* AppDelegate.swift */,
				47C6FD222109F90B0084B377 /* CustomFont */,
				476724DD2108906800EFB762 /* StoryBoard */,
			);
			path = WeatherApp;
			sourceTree = "<group>";
		};
		47D6831621088D690018B80B /* WeatherAppTests */ = {
			isa = PBXGroup;
			children = (
				47D6831721088D690018B80B /* WeatherAppTests.swift */,
				47D6831921088D690018B80B /* Info.plist */,
			);
			path = WeatherAppTests;
			sourceTree = "<group>";
		};
		47D6832121088D690018B80B /* WeatherAppUITests */ = {
			isa = PBXGroup;
			children = (
				47D6832221088D690018B80B /* WeatherAppUITests.swift */,
				47D6832421088D690018B80B /* Info.plist */,
			);
			path = WeatherAppUITests;
			sourceTree = "<group>";
		};
		47E717A82109984B003C4CF8 /* ViewModel */ = {
			isa = PBXGroup;
			children = (
				47E717A921099857003C4CF8 /* HomeViewModel.swift */,
			);
			path = ViewModel;
			sourceTree = "<group>";
		};
		47E717B32109D4B2003C4CF8 /* Error */ = {
			isa = PBXGroup;
			children = (
				47E717B42109D4C1003C4CF8 /* ErrorController.swift */,
			);
			path = Error;
			sourceTree = "<group>";
		};
		60925ECC9F37834BF18C5443 /* Frameworks */ = {
			isa = PBXGroup;
			children = (
				46304761A67D3AB6E7FA3304 /* Pods_WeatherApp.framework */,
			);
			name = Frameworks;
			sourceTree = "<group>";
		};
		D5D078EC7C50A3D0B310FF4A /* Pods */ = {
			isa = PBXGroup;
			children = (
				944F2537E10E68B180B8CA43 /* Pods-WeatherApp.debug.xcconfig */,
				F0F9ED571EC4316033215841 /* Pods-WeatherApp.release.xcconfig */,
			);
			name = Pods;
			sourceTree = "<group>";
		};
/* End PBXGroup section */

/* Begin PBXNativeTarget section */
		47D682FE21088D690018B80B /* WeatherApp */ = {
			isa = PBXNativeTarget;
			buildConfigurationList = 47D6832721088D690018B80B /* Build configuration list for PBXNativeTarget "WeatherApp" */;
			buildPhases = (
				D9A3E6BC20A73A305865F279 /* [CP] Check Pods Manifest.lock */,
				47D682FB21088D690018B80B /* Sources */,
				47D682FC21088D690018B80B /* Frameworks */,
				47D682FD21088D690018B80B /* Resources */,
				3633882C3B33AE4EDE5F925C /* [CP] Embed Pods Frameworks */,
				F7D0D297470396A4BF9AF9E0 /* [CP] Copy Pods Resources */,
			);
			buildRules = (
			);
			dependencies = (
			);
			name = WeatherApp;
			productName = WeatherApp;
			productReference = 47D682FF21088D690018B80B /* WeatherApp.app */;
			productType = "com.apple.product-type.application";
		};
		47D6831221088D690018B80B /* WeatherAppTests */ = {
			isa = PBXNativeTarget;
			buildConfigurationList = 47D6832A21088D690018B80B /* Build configuration list for PBXNativeTarget "WeatherAppTests" */;
			buildPhases = (
				47D6830F21088D690018B80B /* Sources */,
				47D6831021088D690018B80B /* Frameworks */,
				47D6831121088D690018B80B /* Resources */,
			);
			buildRules = (
			);
			dependencies = (
				47D6831521088D690018B80B /* PBXTargetDependency */,
			);
			name = WeatherAppTests;
			productName = WeatherAppTests;
			productReference = 47D6831321088D690018B80B /* WeatherAppTests.xctest */;
			productType = "com.apple.product-type.bundle.unit-test";
		};
		47D6831D21088D690018B80B /* WeatherAppUITests */ = {
			isa = PBXNativeTarget;
			buildConfigurationList = 47D6832D21088D690018B80B /* Build configuration list for PBXNativeTarget "WeatherAppUITests" */;
			buildPhases = (
				47D6831A21088D690018B80B /* Sources */,
				47D6831B21088D690018B80B /* Frameworks */,
				47D6831C21088D690018B80B /* Resources */,
			);
			buildRules = (
			);
			dependencies = (
				47D6832021088D690018B80B /* PBXTargetDependency */,
			);
			name = WeatherAppUITests;
			productName = WeatherAppUITests;
			productReference = 47D6831E21088D690018B80B /* WeatherAppUITests.xctest */;
			productType = "com.apple.product-type.bundle.ui-testing";
		};
/* End PBXNativeTarget section */

/* Begin PBXProject section */
		47D682F721088D690018B80B /* Project object */ = {
			isa = PBXProject;
			attributes = {
				LastSwiftUpdateCheck = 0920;
				LastUpgradeCheck = 0920;
				ORGANIZATIONNAME = "Luka Lovretić";
				TargetAttributes = {
					47D682FE21088D690018B80B = {
						CreatedOnToolsVersion = 9.2;
						ProvisioningStyle = Automatic;
					};
					47D6831221088D690018B80B = {
						CreatedOnToolsVersion = 9.2;
						ProvisioningStyle = Automatic;
						TestTargetID = 47D682FE21088D690018B80B;
					};
					47D6831D21088D690018B80B = {
						CreatedOnToolsVersion = 9.2;
						ProvisioningStyle = Automatic;
						TestTargetID = 47D682FE21088D690018B80B;
					};
				};
			};
			buildConfigurationList = 47D682FA21088D690018B80B /* Build configuration list for PBXProject "WeatherApp" */;
			compatibilityVersion = "Xcode 8.0";
			developmentRegion = en;
			hasScannedForEncodings = 0;
			knownRegions = (
				en,
				Base,
			);
			mainGroup = 47D682F621088D690018B80B;
			productRefGroup = 47D6830021088D690018B80B /* Products */;
			projectDirPath = "";
			projectRoot = "";
			targets = (
				47D682FE21088D690018B80B /* WeatherApp */,
				47D6831221088D690018B80B /* WeatherAppTests */,
				47D6831D21088D690018B80B /* WeatherAppUITests */,
			);
		};
/* End PBXProject section */

/* Begin PBXResourcesBuildPhase section */
		47D682FD21088D690018B80B /* Resources */ = {
			isa = PBXResourcesBuildPhase;
			buildActionMask = 2147483647;
			files = (
				47D6830D21088D690018B80B /* LaunchScreen.storyboard in Resources */,
				47D6830A21088D690018B80B /* Assets.xcassets in Resources */,
				47C6FD262109F9EF0084B377 /* GothamRoundedLight_21020.ttf in Resources */,
				47C6FD252109F9EF0084B377 /* GothamRoundedBook_21018.ttf in Resources */,
				47D6830821088D690018B80B /* Main.storyboard in Resources */,
			);
			runOnlyForDeploymentPostprocessing = 0;
		};
		47D6831121088D690018B80B /* Resources */ = {
			isa = PBXResourcesBuildPhase;
			buildActionMask = 2147483647;
			files = (
			);
			runOnlyForDeploymentPostprocessing = 0;
		};
		47D6831C21088D690018B80B /* Resources */ = {
			isa = PBXResourcesBuildPhase;
			buildActionMask = 2147483647;
			files = (
			);
			runOnlyForDeploymentPostprocessing = 0;
		};
/* End PBXResourcesBuildPhase section */

/* Begin PBXShellScriptBuildPhase section */
		3633882C3B33AE4EDE5F925C /* [CP] Embed Pods Frameworks */ = {
			isa = PBXShellScriptBuildPhase;
			buildActionMask = 2147483647;
			files = (
			);
			inputPaths = (
				"${SRCROOT}/Pods/Target Support Files/Pods-WeatherApp/Pods-WeatherApp-frameworks.sh",
				"${BUILT_PRODUCTS_DIR}/Alamofire/Alamofire.framework",
				"${BUILT_PRODUCTS_DIR}/Realm/Realm.framework",
				"${BUILT_PRODUCTS_DIR}/RealmSwift/RealmSwift.framework",
				"${BUILT_PRODUCTS_DIR}/RxCocoa/RxCocoa.framework",
				"${BUILT_PRODUCTS_DIR}/RxSwift/RxSwift.framework",
			);
			name = "[CP] Embed Pods Frameworks";
			outputPaths = (
				"${TARGET_BUILD_DIR}/${FRAMEWORKS_FOLDER_PATH}/Alamofire.framework",
				"${TARGET_BUILD_DIR}/${FRAMEWORKS_FOLDER_PATH}/Realm.framework",
				"${TARGET_BUILD_DIR}/${FRAMEWORKS_FOLDER_PATH}/RealmSwift.framework",
				"${TARGET_BUILD_DIR}/${FRAMEWORKS_FOLDER_PATH}/RxCocoa.framework",
				"${TARGET_BUILD_DIR}/${FRAMEWORKS_FOLDER_PATH}/RxSwift.framework",
			);
			runOnlyForDeploymentPostprocessing = 0;
			shellPath = /bin/sh;
			shellScript = "\"${SRCROOT}/Pods/Target Support Files/Pods-WeatherApp/Pods-WeatherApp-frameworks.sh\"\n";
			showEnvVarsInLog = 0;
		};
		D9A3E6BC20A73A305865F279 /* [CP] Check Pods Manifest.lock */ = {
			isa = PBXShellScriptBuildPhase;
			buildActionMask = 2147483647;
			files = (
			);
			inputPaths = (
				"${PODS_PODFILE_DIR_PATH}/Podfile.lock",
				"${PODS_ROOT}/Manifest.lock",
			);
			name = "[CP] Check Pods Manifest.lock";
			outputPaths = (
				"$(DERIVED_FILE_DIR)/Pods-WeatherApp-checkManifestLockResult.txt",
			);
			runOnlyForDeploymentPostprocessing = 0;
			shellPath = /bin/sh;
			shellScript = "diff \"${PODS_PODFILE_DIR_PATH}/Podfile.lock\" \"${PODS_ROOT}/Manifest.lock\" > /dev/null\nif [ $? != 0 ] ; then\n    # print error to STDERR\n    echo \"error: The sandbox is not in sync with the Podfile.lock. Run 'pod install' or update your CocoaPods installation.\" >&2\n    exit 1\nfi\n# This output is used by Xcode 'outputs' to avoid re-running this script phase.\necho \"SUCCESS\" > \"${SCRIPT_OUTPUT_FILE_0}\"\n";
			showEnvVarsInLog = 0;
		};
		F7D0D297470396A4BF9AF9E0 /* [CP] Copy Pods Resources */ = {
			isa = PBXShellScriptBuildPhase;
			buildActionMask = 2147483647;
			files = (
			);
			inputPaths = (
			);
			name = "[CP] Copy Pods Resources";
			outputPaths = (
			);
			runOnlyForDeploymentPostprocessing = 0;
			shellPath = /bin/sh;
			shellScript = "\"${SRCROOT}/Pods/Target Support Files/Pods-WeatherApp/Pods-WeatherApp-resources.sh\"\n";
			showEnvVarsInLog = 0;
		};
/* End PBXShellScriptBuildPhase section */

/* Begin PBXSourcesBuildPhase section */
		47D682FB21088D690018B80B /* Sources */ = {
			isa = PBXSourcesBuildPhase;
			buildActionMask = 2147483647;
			files = (
				476724E4210890DB00EFB762 /* WeatherAPIService.swift in Sources */,
				47E717AC210998BC003C4CF8 /* WeatherDataToPresent.swift in Sources */,
				47E717B52109D4C1003C4CF8 /* ErrorController.swift in Sources */,
				476724E92108923700EFB762 /* WeatherDataWrapper.swift in Sources */,
				476724EB21089A8800EFB762 /* DailyWeather.swift in Sources */,
				47E717AA21099857003C4CF8 /* HomeViewModel.swift in Sources */,
				47E717B72109D76F003C4CF8 /* Home.swift in Sources */,
				476724EE21089AAD00EFB762 /* CurrentWeather.swift in Sources */,
				47E717B02109A9E4003C4CF8 /* DataAndErrorWrapper.swift in Sources */,
				476724E72108911400EFB762 /* WeatherAPIJSONModel.swift in Sources */,
				47E717AE21099D5A003C4CF8 /* WeatherDataForViewModel.swift in Sources */,
				47D6830521088D690018B80B /* HomeViewController.swift in Sources */,
				47D6830321088D690018B80B /* AppDelegate.swift in Sources */,
			);
			runOnlyForDeploymentPostprocessing = 0;
		};
		47D6830F21088D690018B80B /* Sources */ = {
			isa = PBXSourcesBuildPhase;
			buildActionMask = 2147483647;
			files = (
				47D6831821088D690018B80B /* WeatherAppTests.swift in Sources */,
			);
			runOnlyForDeploymentPostprocessing = 0;
		};
		47D6831A21088D690018B80B /* Sources */ = {
			isa = PBXSourcesBuildPhase;
			buildActionMask = 2147483647;
			files = (
				47D6832321088D690018B80B /* WeatherAppUITests.swift in Sources */,
			);
			runOnlyForDeploymentPostprocessing = 0;
		};
/* End PBXSourcesBuildPhase section */

/* Begin PBXTargetDependency section */
		47D6831521088D690018B80B /* PBXTargetDependency */ = {
			isa = PBXTargetDependency;
			target = 47D682FE21088D690018B80B /* WeatherApp */;
			targetProxy = 47D6831421088D690018B80B /* PBXContainerItemProxy */;
		};
		47D6832021088D690018B80B /* PBXTargetDependency */ = {
			isa = PBXTargetDependency;
			target = 47D682FE21088D690018B80B /* WeatherApp */;
			targetProxy = 47D6831F21088D690018B80B /* PBXContainerItemProxy */;
		};
/* End PBXTargetDependency section */

/* Begin PBXVariantGroup section */
		47D6830621088D690018B80B /* Main.storyboard */ = {
			isa = PBXVariantGroup;
			children = (
				47D6830721088D690018B80B /* Base */,
			);
			name = Main.storyboard;
			sourceTree = "<group>";
		};
		47D6830B21088D690018B80B /* LaunchScreen.storyboard */ = {
			isa = PBXVariantGroup;
			children = (
				47D6830C21088D690018B80B /* Base */,
			);
			name = LaunchScreen.storyboard;
			sourceTree = "<group>";
		};
/* End PBXVariantGroup section */

/* Begin XCBuildConfiguration section */
		47D6832521088D690018B80B /* Debug */ = {
			isa = XCBuildConfiguration;
			buildSettings = {
				ALWAYS_SEARCH_USER_PATHS = NO;
				CLANG_ANALYZER_NONNULL = YES;
				CLANG_ANALYZER_NUMBER_OBJECT_CONVERSION = YES_AGGRESSIVE;
				CLANG_CXX_LANGUAGE_STANDARD = "gnu++14";
				CLANG_CXX_LIBRARY = "libc++";
				CLANG_ENABLE_MODULES = YES;
				CLANG_ENABLE_OBJC_ARC = YES;
				CLANG_WARN_BLOCK_CAPTURE_AUTORELEASING = YES;
				CLANG_WARN_BOOL_CONVERSION = YES;
				CLANG_WARN_COMMA = YES;
				CLANG_WARN_CONSTANT_CONVERSION = YES;
				CLANG_WARN_DIRECT_OBJC_ISA_USAGE = YES_ERROR;
				CLANG_WARN_DOCUMENTATION_COMMENTS = YES;
				CLANG_WARN_EMPTY_BODY = YES;
				CLANG_WARN_ENUM_CONVERSION = YES;
				CLANG_WARN_INFINITE_RECURSION = YES;
				CLANG_WARN_INT_CONVERSION = YES;
				CLANG_WARN_NON_LITERAL_NULL_CONVERSION = YES;
				CLANG_WARN_OBJC_LITERAL_CONVERSION = YES;
				CLANG_WARN_OBJC_ROOT_CLASS = YES_ERROR;
				CLANG_WARN_RANGE_LOOP_ANALYSIS = YES;
				CLANG_WARN_STRICT_PROTOTYPES = YES;
				CLANG_WARN_SUSPICIOUS_MOVE = YES;
				CLANG_WARN_UNGUARDED_AVAILABILITY = YES_AGGRESSIVE;
				CLANG_WARN_UNREACHABLE_CODE = YES;
				CLANG_WARN__DUPLICATE_METHOD_MATCH = YES;
				CODE_SIGN_IDENTITY = "iPhone Developer";
				COPY_PHASE_STRIP = NO;
				DEBUG_INFORMATION_FORMAT = dwarf;
				ENABLE_STRICT_OBJC_MSGSEND = YES;
				ENABLE_TESTABILITY = YES;
				GCC_C_LANGUAGE_STANDARD = gnu11;
				GCC_DYNAMIC_NO_PIC = NO;
				GCC_NO_COMMON_BLOCKS = YES;
				GCC_OPTIMIZATION_LEVEL = 0;
				GCC_PREPROCESSOR_DEFINITIONS = (
					"DEBUG=1",
					"$(inherited)",
				);
				GCC_WARN_64_TO_32_BIT_CONVERSION = YES;
				GCC_WARN_ABOUT_RETURN_TYPE = YES_ERROR;
				GCC_WARN_UNDECLARED_SELECTOR = YES;
				GCC_WARN_UNINITIALIZED_AUTOS = YES_AGGRESSIVE;
				GCC_WARN_UNUSED_FUNCTION = YES;
				GCC_WARN_UNUSED_VARIABLE = YES;
				IPHONEOS_DEPLOYMENT_TARGET = 11.2;
				MTL_ENABLE_DEBUG_INFO = YES;
				ONLY_ACTIVE_ARCH = YES;
				SDKROOT = iphoneos;
				SWIFT_ACTIVE_COMPILATION_CONDITIONS = DEBUG;
				SWIFT_OPTIMIZATION_LEVEL = "-Onone";
			};
			name = Debug;
		};
		47D6832621088D690018B80B /* Release */ = {
			isa = XCBuildConfiguration;
			buildSettings = {
				ALWAYS_SEARCH_USER_PATHS = NO;
				CLANG_ANALYZER_NONNULL = YES;
				CLANG_ANALYZER_NUMBER_OBJECT_CONVERSION = YES_AGGRESSIVE;
				CLANG_CXX_LANGUAGE_STANDARD = "gnu++14";
				CLANG_CXX_LIBRARY = "libc++";
				CLANG_ENABLE_MODULES = YES;
				CLANG_ENABLE_OBJC_ARC = YES;
				CLANG_WARN_BLOCK_CAPTURE_AUTORELEASING = YES;
				CLANG_WARN_BOOL_CONVERSION = YES;
				CLANG_WARN_COMMA = YES;
				CLANG_WARN_CONSTANT_CONVERSION = YES;
				CLANG_WARN_DIRECT_OBJC_ISA_USAGE = YES_ERROR;
				CLANG_WARN_DOCUMENTATION_COMMENTS = YES;
				CLANG_WARN_EMPTY_BODY = YES;
				CLANG_WARN_ENUM_CONVERSION = YES;
				CLANG_WARN_INFINITE_RECURSION = YES;
				CLANG_WARN_INT_CONVERSION = YES;
				CLANG_WARN_NON_LITERAL_NULL_CONVERSION = YES;
				CLANG_WARN_OBJC_LITERAL_CONVERSION = YES;
				CLANG_WARN_OBJC_ROOT_CLASS = YES_ERROR;
				CLANG_WARN_RANGE_LOOP_ANALYSIS = YES;
				CLANG_WARN_STRICT_PROTOTYPES = YES;
				CLANG_WARN_SUSPICIOUS_MOVE = YES;
				CLANG_WARN_UNGUARDED_AVAILABILITY = YES_AGGRESSIVE;
				CLANG_WARN_UNREACHABLE_CODE = YES;
				CLANG_WARN__DUPLICATE_METHOD_MATCH = YES;
				CODE_SIGN_IDENTITY = "iPhone Developer";
				COPY_PHASE_STRIP = NO;
				DEBUG_INFORMATION_FORMAT = "dwarf-with-dsym";
				ENABLE_NS_ASSERTIONS = NO;
				ENABLE_STRICT_OBJC_MSGSEND = YES;
				GCC_C_LANGUAGE_STANDARD = gnu11;
				GCC_NO_COMMON_BLOCKS = YES;
				GCC_WARN_64_TO_32_BIT_CONVERSION = YES;
				GCC_WARN_ABOUT_RETURN_TYPE = YES_ERROR;
				GCC_WARN_UNDECLARED_SELECTOR = YES;
				GCC_WARN_UNINITIALIZED_AUTOS = YES_AGGRESSIVE;
				GCC_WARN_UNUSED_FUNCTION = YES;
				GCC_WARN_UNUSED_VARIABLE = YES;
				IPHONEOS_DEPLOYMENT_TARGET = 11.2;
				MTL_ENABLE_DEBUG_INFO = NO;
				SDKROOT = iphoneos;
				SWIFT_OPTIMIZATION_LEVEL = "-Owholemodule";
				VALIDATE_PRODUCT = YES;
			};
			name = Release;
		};
		47D6832821088D690018B80B /* Debug */ = {
			isa = XCBuildConfiguration;
			baseConfigurationReference = 944F2537E10E68B180B8CA43 /* Pods-WeatherApp.debug.xcconfig */;
			buildSettings = {
				ASSETCATALOG_COMPILER_APPICON_NAME = AppIcon;
				CODE_SIGN_STYLE = Automatic;
				INFOPLIST_FILE = WeatherApp/Info.plist;
				LD_RUNPATH_SEARCH_PATHS = "$(inherited) @executable_path/Frameworks";
				PRODUCT_BUNDLE_IDENTIFIER = llovretic.WeatherApp;
				PRODUCT_NAME = "$(TARGET_NAME)";
				SWIFT_VERSION = 4.0;
				TARGETED_DEVICE_FAMILY = "1,2";
			};
			name = Debug;
		};
		47D6832921088D690018B80B /* Release */ = {
			isa = XCBuildConfiguration;
			baseConfigurationReference = F0F9ED571EC4316033215841 /* Pods-WeatherApp.release.xcconfig */;
			buildSettings = {
				ASSETCATALOG_COMPILER_APPICON_NAME = AppIcon;
				CODE_SIGN_STYLE = Automatic;
				INFOPLIST_FILE = WeatherApp/Info.plist;
				LD_RUNPATH_SEARCH_PATHS = "$(inherited) @executable_path/Frameworks";
				PRODUCT_BUNDLE_IDENTIFIER = llovretic.WeatherApp;
				PRODUCT_NAME = "$(TARGET_NAME)";
				SWIFT_VERSION = 4.0;
				TARGETED_DEVICE_FAMILY = "1,2";
			};
			name = Release;
		};
		47D6832B21088D690018B80B /* Debug */ = {
			isa = XCBuildConfiguration;
			buildSettings = {
				ALWAYS_EMBED_SWIFT_STANDARD_LIBRARIES = YES;
				BUNDLE_LOADER = "$(TEST_HOST)";
				CODE_SIGN_STYLE = Automatic;
				INFOPLIST_FILE = WeatherAppTests/Info.plist;
				LD_RUNPATH_SEARCH_PATHS = "$(inherited) @executable_path/Frameworks @loader_path/Frameworks";
				PRODUCT_BUNDLE_IDENTIFIER = llovretic.WeatherAppTests;
				PRODUCT_NAME = "$(TARGET_NAME)";
				SWIFT_VERSION = 4.0;
				TARGETED_DEVICE_FAMILY = "1,2";
				TEST_HOST = "$(BUILT_PRODUCTS_DIR)/WeatherApp.app/WeatherApp";
			};
			name = Debug;
		};
		47D6832C21088D690018B80B /* Release */ = {
			isa = XCBuildConfiguration;
			buildSettings = {
				ALWAYS_EMBED_SWIFT_STANDARD_LIBRARIES = YES;
				BUNDLE_LOADER = "$(TEST_HOST)";
				CODE_SIGN_STYLE = Automatic;
				INFOPLIST_FILE = WeatherAppTests/Info.plist;
				LD_RUNPATH_SEARCH_PATHS = "$(inherited) @executable_path/Frameworks @loader_path/Frameworks";
				PRODUCT_BUNDLE_IDENTIFIER = llovretic.WeatherAppTests;
				PRODUCT_NAME = "$(TARGET_NAME)";
				SWIFT_VERSION = 4.0;
				TARGETED_DEVICE_FAMILY = "1,2";
				TEST_HOST = "$(BUILT_PRODUCTS_DIR)/WeatherApp.app/WeatherApp";
			};
			name = Release;
		};
		47D6832E21088D690018B80B /* Debug */ = {
			isa = XCBuildConfiguration;
			buildSettings = {
				ALWAYS_EMBED_SWIFT_STANDARD_LIBRARIES = YES;
				CODE_SIGN_STYLE = Automatic;
				INFOPLIST_FILE = WeatherAppUITests/Info.plist;
				LD_RUNPATH_SEARCH_PATHS = "$(inherited) @executable_path/Frameworks @loader_path/Frameworks";
				PRODUCT_BUNDLE_IDENTIFIER = llovretic.WeatherAppUITests;
				PRODUCT_NAME = "$(TARGET_NAME)";
				SWIFT_VERSION = 4.0;
				TARGETED_DEVICE_FAMILY = "1,2";
				TEST_TARGET_NAME = WeatherApp;
			};
			name = Debug;
		};
		47D6832F21088D690018B80B /* Release */ = {
			isa = XCBuildConfiguration;
			buildSettings = {
				ALWAYS_EMBED_SWIFT_STANDARD_LIBRARIES = YES;
				CODE_SIGN_STYLE = Automatic;
				INFOPLIST_FILE = WeatherAppUITests/Info.plist;
				LD_RUNPATH_SEARCH_PATHS = "$(inherited) @executable_path/Frameworks @loader_path/Frameworks";
				PRODUCT_BUNDLE_IDENTIFIER = llovretic.WeatherAppUITests;
				PRODUCT_NAME = "$(TARGET_NAME)";
				SWIFT_VERSION = 4.0;
				TARGETED_DEVICE_FAMILY = "1,2";
				TEST_TARGET_NAME = WeatherApp;
			};
			name = Release;
		};
/* End XCBuildConfiguration section */

/* Begin XCConfigurationList section */
		47D682FA21088D690018B80B /* Build configuration list for PBXProject "WeatherApp" */ = {
			isa = XCConfigurationList;
			buildConfigurations = (
				47D6832521088D690018B80B /* Debug */,
				47D6832621088D690018B80B /* Release */,
			);
			defaultConfigurationIsVisible = 0;
			defaultConfigurationName = Release;
		};
		47D6832721088D690018B80B /* Build configuration list for PBXNativeTarget "WeatherApp" */ = {
			isa = XCConfigurationList;
			buildConfigurations = (
				47D6832821088D690018B80B /* Debug */,
				47D6832921088D690018B80B /* Release */,
			);
			defaultConfigurationIsVisible = 0;
			defaultConfigurationName = Release;
		};
		47D6832A21088D690018B80B /* Build configuration list for PBXNativeTarget "WeatherAppTests" */ = {
			isa = XCConfigurationList;
			buildConfigurations = (
				47D6832B21088D690018B80B /* Debug */,
				47D6832C21088D690018B80B /* Release */,
			);
			defaultConfigurationIsVisible = 0;
			defaultConfigurationName = Release;
		};
		47D6832D21088D690018B80B /* Build configuration list for PBXNativeTarget "WeatherAppUITests" */ = {
			isa = XCConfigurationList;
			buildConfigurations = (
				47D6832E21088D690018B80B /* Debug */,
				47D6832F21088D690018B80B /* Release */,
			);
			defaultConfigurationIsVisible = 0;
			defaultConfigurationName = Release;
		};
/* End XCConfigurationList section */
	};
	rootObject = 47D682F721088D690018B80B /* Project object */;
}
